
Microsoft Visual Studio Solution File, Format Version 12.00
# Visual Studio Version 16
VisualStudioVersion = 16.0.30104.148
MinimumVisualStudioVersion = 10.0.40219.1
Project("{8BC9CEB8-8B4A-11D0-8D11-00A0C91BC942}") = "GurobiTestProj", "GurobiTestProj\GurobiTestProj.vcxproj", "{AE8D35AC-3709-40C3-89B2-C7C8A8E0D42A}"
EndProject
Global
	GlobalSection(SolutionConfigurationPlatforms) = preSolution
		Debug|x64 = Debug|x64
		Debug|x86 = Debug|x86
		Release|x64 = Release|x64
		Release|x86 = Release|x86
	EndGlobalSection
	GlobalSection(ProjectConfigurationPlatforms) = postSolution
		{AE8D35AC-3709-40C3-89B2-C7C8A8E0D42A}.Debug|x64.ActiveCfg = Debug|x64
		{AE8D35AC-3709-40C3-89B2-C7C8A8E0D42A}.Debug|x64.Build.0 = Debug|x64
		{AE8D35AC-3709-40C3-89B2-C7C8A8E0D42A}.Debug|x86.ActiveCfg = Debug|Win32
		{AE8D35AC-3709-40C3-89B2-C7C8A8E0D42A}.Debug|x86.Build.0 = Debug|Win32
		{AE8D35AC-3709-40C3-89B2-C7C8A8E0D42A}.Release|x64.ActiveCfg = Release|x64
		{AE8D35AC-3709-40C3-89B2-C7C8A8E0D42A}.Release|x64.Build.0 = Release|x64
		{AE8D35AC-3709-40C3-89B2-C7C8A8E0D42A}.Release|x86.ActiveCfg = Release|Win32
		{AE8D35AC-3709-40C3-89B2-C7C8A8E0D42A}.Release|x86.Build.0 = Release|Win32
	EndGlobalSection
	GlobalSection(SolutionProperties) = preSolution
		HideSolutionNode = FALSE
	EndGlobalSection
	GlobalSection(ExtensibilityGlobals) = postSolution
		SolutionGuid = {3F35E2C4-C0B6-41B9-8235-74E81641219F}
	EndGlobalSection
EndGlobal
